
Microsoft Visual Studio Solution File, Format Version 12.00
# Visual Studio 15
VisualStudioVersion = 15.0.26124.0
MinimumVisualStudioVersion = 15.0.26124.0
Project("{FAE04EC0-301F-11D3-BF4B-00C04F79EFBC}") = "AlgorithmsDataStructures.Models", "AlgorithmsDataStructures.Models\AlgorithmsDataStructures.Models.csproj", "{17DD22E7-BA12-46C4-8FED-890D773DE186}"
EndProject
Project("{FAE04EC0-301F-11D3-BF4B-00C04F79EFBC}") = "AlgorithmsDataStructures.App", "AlgorithmsDataStructures.App\AlgorithmsDataStructures.App.csproj", "{252C154A-2349-4D4B-B5D2-08CACC1802C3}"
EndProject
Project("{FAE04EC0-301F-11D3-BF4B-00C04F79EFBC}") = "AlgorithmsDataStructures.Algorithms", "AlgorithmsDataStructures.Algorithms\AlgorithmsDataStructures.Algorithms.csproj", "{80EAC405-48A4-4B32-B234-31352CDD0286}"
EndProject
Global
	GlobalSection(SolutionConfigurationPlatforms) = preSolution
		Debug|Any CPU = Debug|Any CPU
		Debug|x64 = Debug|x64
		Debug|x86 = Debug|x86
		Release|Any CPU = Release|Any CPU
		Release|x64 = Release|x64
		Release|x86 = Release|x86
	EndGlobalSection
	GlobalSection(SolutionProperties) = preSolution
		HideSolutionNode = FALSE
	EndGlobalSection
	GlobalSection(ProjectConfigurationPlatforms) = postSolution
		{17DD22E7-BA12-46C4-8FED-890D773DE186}.Debug|Any CPU.ActiveCfg = Debug|Any CPU
		{17DD22E7-BA12-46C4-8FED-890D773DE186}.Debug|Any CPU.Build.0 = Debug|Any CPU
		{17DD22E7-BA12-46C4-8FED-890D773DE186}.Debug|x64.ActiveCfg = Debug|Any CPU
		{17DD22E7-BA12-46C4-8FED-890D773DE186}.Debug|x64.Build.0 = Debug|Any CPU
		{17DD22E7-BA12-46C4-8FED-890D773DE186}.Debug|x86.ActiveCfg = Debug|Any CPU
		{17DD22E7-BA12-46C4-8FED-890D773DE186}.Debug|x86.Build.0 = Debug|Any CPU
		{17DD22E7-BA12-46C4-8FED-890D773DE186}.Release|Any CPU.ActiveCfg = Release|Any CPU
		{17DD22E7-BA12-46C4-8FED-890D773DE186}.Release|Any CPU.Build.0 = Release|Any CPU
		{17DD22E7-BA12-46C4-8FED-890D773DE186}.Release|x64.ActiveCfg = Release|Any CPU
		{17DD22E7-BA12-46C4-8FED-890D773DE186}.Release|x64.Build.0 = Release|Any CPU
		{17DD22E7-BA12-46C4-8FED-890D773DE186}.Release|x86.ActiveCfg = Release|Any CPU
		{17DD22E7-BA12-46C4-8FED-890D773DE186}.Release|x86.Build.0 = Release|Any CPU
		{252C154A-2349-4D4B-B5D2-08CACC1802C3}.Debug|Any CPU.ActiveCfg = Debug|Any CPU
		{252C154A-2349-4D4B-B5D2-08CACC1802C3}.Debug|Any CPU.Build.0 = Debug|Any CPU
		{252C154A-2349-4D4B-B5D2-08CACC1802C3}.Debug|x64.ActiveCfg = Debug|Any CPU
		{252C154A-2349-4D4B-B5D2-08CACC1802C3}.Debug|x64.Build.0 = Debug|Any CPU
		{252C154A-2349-4D4B-B5D2-08CACC1802C3}.Debug|x86.ActiveCfg = Debug|Any CPU
		{252C154A-2349-4D4B-B5D2-08CACC1802C3}.Debug|x86.Build.0 = Debug|Any CPU
		{252C154A-2349-4D4B-B5D2-08CACC1802C3}.Release|Any CPU.ActiveCfg = Release|Any CPU
		{252C154A-2349-4D4B-B5D2-08CACC1802C3}.Release|Any CPU.Build.0 = Release|Any CPU
		{252C154A-2349-4D4B-B5D2-08CACC1802C3}.Release|x64.ActiveCfg = Release|Any CPU
		{252C154A-2349-4D4B-B5D2-08CACC1802C3}.Release|x64.Build.0 = Release|Any CPU
		{252C154A-2349-4D4B-B5D2-08CACC1802C3}.Release|x86.ActiveCfg = Release|Any CPU
		{252C154A-2349-4D4B-B5D2-08CACC1802C3}.Release|x86.Build.0 = Release|Any CPU
		{80EAC405-48A4-4B32-B234-31352CDD0286}.Debug|Any CPU.ActiveCfg = Debug|Any CPU
		{80EAC405-48A4-4B32-B234-31352CDD0286}.Debug|Any CPU.Build.0 = Debug|Any CPU
		{80EAC405-48A4-4B32-B234-31352CDD0286}.Debug|x64.ActiveCfg = Debug|Any CPU
		{80EAC405-48A4-4B32-B234-31352CDD0286}.Debug|x64.Build.0 = Debug|Any CPU
		{80EAC405-48A4-4B32-B234-31352CDD0286}.Debug|x86.ActiveCfg = Debug|Any CPU
		{80EAC405-48A4-4B32-B234-31352CDD0286}.Debug|x86.Build.0 = Debug|Any CPU
		{80EAC405-48A4-4B32-B234-31352CDD0286}.Release|Any CPU.ActiveCfg = Release|Any CPU
		{80EAC405-48A4-4B32-B234-31352CDD0286}.Release|Any CPU.Build.0 = Release|Any CPU
		{80EAC405-48A4-4B32-B234-31352CDD0286}.Release|x64.ActiveCfg = Release|Any CPU
		{80EAC405-48A4-4B32-B234-31352CDD0286}.Release|x64.Build.0 = Release|Any CPU
		{80EAC405-48A4-4B32-B234-31352CDD0286}.Release|x86.ActiveCfg = Release|Any CPU
		{80EAC405-48A4-4B32-B234-31352CDD0286}.Release|x86.Build.0 = Release|Any CPU
	EndGlobalSection
EndGlobal
